
Microsoft Visual Studio Solution File, Format Version 12.00
# Visual Studio 15
VisualStudioVersion = 15.0.28307.572
MinimumVisualStudioVersion = 10.0.40219.1
Project("{FAE04EC0-301F-11D3-BF4B-00C04F79EFBC}") = "MyClassLibrary", "MyClassLibrary\MyClassLibrary.csproj", "{BCB1F2D9-B012-4D90-8B04-7B0E11FC4045}"
EndProject
Project("{FAE04EC0-301F-11D3-BF4B-00C04F79EFBC}") = "MyXUnitTestProject", "MyXUnitTestProject\MyXUnitTestProject.csproj", "{739C2AF6-C9E3-46E8-BA12-CD87A9155BE0}"
EndProject
Global
	GlobalSection(SolutionConfigurationPlatforms) = preSolution
		Debug|Any CPU = Debug|Any CPU
		Release|Any CPU = Release|Any CPU
	EndGlobalSection
	GlobalSection(ProjectConfigurationPlatforms) = postSolution
		{BCB1F2D9-B012-4D90-8B04-7B0E11FC4045}.Debug|Any CPU.ActiveCfg = Debug|Any CPU
		{BCB1F2D9-B012-4D90-8B04-7B0E11FC4045}.Debug|Any CPU.Build.0 = Debug|Any CPU
		{BCB1F2D9-B012-4D90-8B04-7B0E11FC4045}.Release|Any CPU.ActiveCfg = Release|Any CPU
		{BCB1F2D9-B012-4D90-8B04-7B0E11FC4045}.Release|Any CPU.Build.0 = Release|Any CPU
		{739C2AF6-C9E3-46E8-BA12-CD87A9155BE0}.Debug|Any CPU.ActiveCfg = Debug|Any CPU
		{739C2AF6-C9E3-46E8-BA12-CD87A9155BE0}.Debug|Any CPU.Build.0 = Debug|Any CPU
		{739C2AF6-C9E3-46E8-BA12-CD87A9155BE0}.Release|Any CPU.ActiveCfg = Release|Any CPU
		{739C2AF6-C9E3-46E8-BA12-CD87A9155BE0}.Release|Any CPU.Build.0 = Release|Any CPU
	EndGlobalSection
	GlobalSection(SolutionProperties) = preSolution
		HideSolutionNode = FALSE
	EndGlobalSection
	GlobalSection(ExtensibilityGlobals) = postSolution
		SolutionGuid = {E0D7195D-84EC-494F-B450-D1244C6838B6}
	EndGlobalSection
EndGlobal
